
Microsoft Visual Studio Solution File, Format Version 12.00
# Visual Studio Version 17
VisualStudioVersion = 17.8.34511.84
MinimumVisualStudioVersion = 10.0.40219.1
Project("{FAE04EC0-301F-11D3-BF4B-00C04F79EFBC}") = "FizzBuzz-EHa", "FizzBuzz-MVC\FizzBuzz-EHa.csproj", "{50435CE5-24BC-4665-BEF6-5903C70C1F09}"
EndProject
Global
	GlobalSection(SolutionConfigurationPlatforms) = preSolution
		Debug|Any CPU = Debug|Any CPU
		Release|Any CPU = Release|Any CPU
	EndGlobalSection
	GlobalSection(ProjectConfigurationPlatforms) = postSolution
		{50435CE5-24BC-4665-BEF6-5903C70C1F09}.Debug|Any CPU.ActiveCfg = Debug|Any CPU
		{50435CE5-24BC-4665-BEF6-5903C70C1F09}.Debug|Any CPU.Build.0 = Debug|Any CPU
		{50435CE5-24BC-4665-BEF6-5903C70C1F09}.Release|Any CPU.ActiveCfg = Release|Any CPU
		{50435CE5-24BC-4665-BEF6-5903C70C1F09}.Release|Any CPU.Build.0 = Release|Any CPU
	EndGlobalSection
	GlobalSection(SolutionProperties) = preSolution
		HideSolutionNode = FALSE
	EndGlobalSection
	GlobalSection(ExtensibilityGlobals) = postSolution
		SolutionGuid = {F03160F2-DAA1-4ECB-B48E-3EA68A959F2F}
	EndGlobalSection
EndGlobal
